
Microsoft Visual Studio Solution File, Format Version 12.00
# Visual Studio Version 17
VisualStudioVersion = 17.2.32505.173
MinimumVisualStudioVersion = 10.0.40219.1
Project("{FAE04EC0-301F-11D3-BF4B-00C04F79EFBC}") = "Week2", "Week2\Week2.csproj", "{2BBB4B5B-2371-4C5E-B34A-7F91EFD31321}"
EndProject
Global
	GlobalSection(SolutionConfigurationPlatforms) = preSolution
		Debug|Any CPU = Debug|Any CPU
		Release|Any CPU = Release|Any CPU
	EndGlobalSection
	GlobalSection(ProjectConfigurationPlatforms) = postSolution
		{2BBB4B5B-2371-4C5E-B34A-7F91EFD31321}.Debug|Any CPU.ActiveCfg = Debug|Any CPU
		{2BBB4B5B-2371-4C5E-B34A-7F91EFD31321}.Debug|Any CPU.Build.0 = Debug|Any CPU
		{2BBB4B5B-2371-4C5E-B34A-7F91EFD31321}.Release|Any CPU.ActiveCfg = Release|Any CPU
		{2BBB4B5B-2371-4C5E-B34A-7F91EFD31321}.Release|Any CPU.Build.0 = Release|Any CPU
	EndGlobalSection
	GlobalSection(SolutionProperties) = preSolution
		HideSolutionNode = FALSE
	EndGlobalSection
	GlobalSection(ExtensibilityGlobals) = postSolution
		SolutionGuid = {1D27E511-4BE9-4CBF-BFEB-905A93962243}
	EndGlobalSection
EndGlobal
